
Microsoft Visual Studio Solution File, Format Version 12.00
# Visual Studio 2012
Project("{FAE04EC0-301F-11D3-BF4B-00C04F79EFBC}") = "Homeinns.Common", "Homeinns.Common.csproj", "{B87CF998-8772-4791-B47B-59B4D39BA3A5}"
EndProject
Global
	GlobalSection(SolutionConfigurationPlatforms) = preSolution
		Debug|iPhoneSimulator = Debug|iPhoneSimulator
		Release|iPhone = Release|iPhone
		Release|iPhoneSimulator = Release|iPhoneSimulator
		Debug|iPhone = Debug|iPhone
	EndGlobalSection
	GlobalSection(ProjectConfigurationPlatforms) = postSolution
		{B87CF998-8772-4791-B47B-59B4D39BA3A5}.Debug|iPhoneSimulator.ActiveCfg = Debug|iPhoneSimulator
		{B87CF998-8772-4791-B47B-59B4D39BA3A5}.Debug|iPhoneSimulator.Build.0 = Debug|iPhoneSimulator
		{B87CF998-8772-4791-B47B-59B4D39BA3A5}.Release|iPhone.ActiveCfg = Release|iPhone
		{B87CF998-8772-4791-B47B-59B4D39BA3A5}.Release|iPhone.Build.0 = Release|iPhone
		{B87CF998-8772-4791-B47B-59B4D39BA3A5}.Release|iPhoneSimulator.ActiveCfg = Release|iPhoneSimulator
		{B87CF998-8772-4791-B47B-59B4D39BA3A5}.Release|iPhoneSimulator.Build.0 = Release|iPhoneSimulator
		{B87CF998-8772-4791-B47B-59B4D39BA3A5}.Debug|iPhone.ActiveCfg = Debug|iPhone
		{B87CF998-8772-4791-B47B-59B4D39BA3A5}.Debug|iPhone.Build.0 = Debug|iPhone
	EndGlobalSection
EndGlobal
