
Microsoft Visual Studio Solution File, Format Version 12.00
# Visual Studio 2012
Project("{FAE04EC0-301F-11D3-BF4B-00C04F79EFBC}") = "Homeinns.Contacts", "Homeinns.Contacts.csproj", "{17FA3B15-8CCF-462F-A8E0-3E7B15F68F89}"
EndProject
Global
	GlobalSection(SolutionConfigurationPlatforms) = preSolution
		Debug|iPhoneSimulator = Debug|iPhoneSimulator
		Release|iPhone = Release|iPhone
		Release|iPhoneSimulator = Release|iPhoneSimulator
		Debug|iPhone = Debug|iPhone
	EndGlobalSection
	GlobalSection(ProjectConfigurationPlatforms) = postSolution
		{17FA3B15-8CCF-462F-A8E0-3E7B15F68F89}.Debug|iPhoneSimulator.ActiveCfg = Debug|iPhoneSimulator
		{17FA3B15-8CCF-462F-A8E0-3E7B15F68F89}.Debug|iPhoneSimulator.Build.0 = Debug|iPhoneSimulator
		{17FA3B15-8CCF-462F-A8E0-3E7B15F68F89}.Release|iPhone.ActiveCfg = Release|iPhone
		{17FA3B15-8CCF-462F-A8E0-3E7B15F68F89}.Release|iPhone.Build.0 = Release|iPhone
		{17FA3B15-8CCF-462F-A8E0-3E7B15F68F89}.Release|iPhoneSimulator.ActiveCfg = Release|iPhoneSimulator
		{17FA3B15-8CCF-462F-A8E0-3E7B15F68F89}.Release|iPhoneSimulator.Build.0 = Release|iPhoneSimulator
		{17FA3B15-8CCF-462F-A8E0-3E7B15F68F89}.Debug|iPhone.ActiveCfg = Debug|iPhone
		{17FA3B15-8CCF-462F-A8E0-3E7B15F68F89}.Debug|iPhone.Build.0 = Debug|iPhone
	EndGlobalSection
EndGlobal
